dependencies:
- name: kudeploy-crds
  repository: file://../kudeploy-crds
  version: 0.1.0
- name: kudeploy-controller
  repository: file://../kudeploy-controller
  version: 0.1.0
digest: sha256:7ee884657b19b770e632525da78d71d1b6b4c9bb83aa5bc7821fdce79f68e69e
generated: "2026-05-31T23:29:29.044838+08:00"
