dependencies:
- name: kudeploy-crds
  repository: oci://ghcr.io/kudeploy/helm-charts
  version: 0.1.0
- name: kudeploy-controller
  repository: oci://ghcr.io/kudeploy/helm-charts
  version: 0.1.0
digest: sha256:342392365f0068ed51fb1cbb56ec272e8c06dec0575bdfd8a46a694cc9b75b93
generated: "2026-06-01T00:48:34.552744+08:00"
