dependencies:
- name: kudeploy-crds
  repository: file://../kudeploy-crds
  version: 0.1.0
- name: kudeploy-controller
  repository: file://../kudeploy-controller
  version: 0.1.0
digest: sha256:99b383293dfa9820ca8823cd442f564ba73ac161f45f2ebc2890317ae5516229
generated: "2026-06-05T18:29:38.735703+08:00"
